
Microsoft Visual Studio Solution File, Format Version 12.00
# Visual Studio Version 17
VisualStudioVersion = 17.9.34714.143
MinimumVisualStudioVersion = 10.0.40219.1
Project("{FAE04EC0-301F-11D3-BF4B-00C04F79EFBC}") = "MyTests", "MyTests\MyTests.csproj", "{BE79D1A9-8AC0-44CF-B4B0-B2C9FFAAFE41}"
EndProject
Global
	GlobalSection(SolutionConfigurationPlatforms) = preSolution
		Debug|Any CPU = Debug|Any CPU
		Release|Any CPU = Release|Any CPU
	EndGlobalSection
	GlobalSection(ProjectConfigurationPlatforms) = postSolution
		{BE79D1A9-8AC0-44CF-B4B0-B2C9FFAAFE41}.Debug|Any CPU.ActiveCfg = Debug|Any CPU
		{BE79D1A9-8AC0-44CF-B4B0-B2C9FFAAFE41}.Debug|Any CPU.Build.0 = Debug|Any CPU
		{BE79D1A9-8AC0-44CF-B4B0-B2C9FFAAFE41}.Release|Any CPU.ActiveCfg = Release|Any CPU
		{BE79D1A9-8AC0-44CF-B4B0-B2C9FFAAFE41}.Release|Any CPU.Build.0 = Release|Any CPU
	EndGlobalSection
	GlobalSection(SolutionProperties) = preSolution
		HideSolutionNode = FALSE
	EndGlobalSection
	GlobalSection(ExtensibilityGlobals) = postSolution
		SolutionGuid = {5081CA3C-06CA-40E1-95F1-6F588DF3BEC8}
	EndGlobalSection
EndGlobal
